
Microsoft Visual Studio Solution File, Format Version 12.00
# Visual Studio Version 17
VisualStudioVersion = 17.10.35122.118
MinimumVisualStudioVersion = 10.0.40219.1
Project("{FAE04EC0-301F-11D3-BF4B-00C04F79EFBC}") = "AplicacionWebNominaISLinea", "AplicacionWebNominaISLinea\AplicacionWebNominaISLinea.csproj", "{81BE4010-9667-4A99-AAA6-769823A550CD}"
EndProject
Global
	GlobalSection(SolutionConfigurationPlatforms) = preSolution
		Debug|Any CPU = Debug|Any CPU
		Release|Any CPU = Release|Any CPU
	EndGlobalSection
	GlobalSection(ProjectConfigurationPlatforms) = postSolution
		{81BE4010-9667-4A99-AAA6-769823A550CD}.Debug|Any CPU.ActiveCfg = Debug|Any CPU
		{81BE4010-9667-4A99-AAA6-769823A550CD}.Debug|Any CPU.Build.0 = Debug|Any CPU
		{81BE4010-9667-4A99-AAA6-769823A550CD}.Release|Any CPU.ActiveCfg = Release|Any CPU
		{81BE4010-9667-4A99-AAA6-769823A550CD}.Release|Any CPU.Build.0 = Release|Any CPU
	EndGlobalSection
	GlobalSection(SolutionProperties) = preSolution
		HideSolutionNode = FALSE
	EndGlobalSection
	GlobalSection(ExtensibilityGlobals) = postSolution
		SolutionGuid = {7BD7D67F-C3B4-4B90-95E1-A5C97B68C999}
	EndGlobalSection
EndGlobal
